// !$*UTF8*$!
{
	archiveVersion = 1;
	classes = {
	};
	objectVersion = 56;
	objects = {

/* Begin PBXBuildFile section */
		044C800B2C85851100967734 /* PracticeSwiftUIApp.swift in Sources */ = {isa = PBXBuildFile; fileRef = 044C800A2C85851100967734 /* PracticeSwiftUIApp.swift */; };
		044C800D2C85851100967734 /* ContentView.swift in Sources */ = {isa = PBXBuildFile; fileRef = 044C800C2C85851100967734 /* ContentView.swift */; };
		044C800F2C85851300967734 /* Assets.xcassets in Resources */ = {isa = PBXBuildFile; fileRef = 044C800E2C85851300967734 /* Assets.xcassets */; };
		044C80122C85851300967734 /* Preview Assets.xcassets in Resources */ = {isa = PBXBuildFile; fileRef = 044C80112C85851300967734 /* Preview Assets.xcassets */; };
		044C801B2C85891800967734 /* CustomButtonModifier.swift in Sources */ = {isa = PBXBuildFile; fileRef = 044C801A2C85891800967734 /* CustomButtonModifier.swift */; };
		044C801D2C858BCA00967734 /* SetProfileView.swift in Sources */ = {isa = PBXBuildFile; fileRef = 044C801C2C858BCA00967734 /* SetProfileView.swift */; };
		044C80212C858FE600967734 /* CircleButtonModifier.swift in Sources */ = {isa = PBXBuildFile; fileRef = 044C80202C858FE600967734 /* CircleButtonModifier.swift */; };
		044C80232C8593E400967734 /* PointButtonWrapper.swift in Sources */ = {isa = PBXBuildFile; fileRef = 044C80222C8593E400967734 /* PointButtonWrapper.swift */; };
		044C80252C8595AA00967734 /* SignUpCompleteView.swift in Sources */ = {isa = PBXBuildFile; fileRef = 044C80242C8595AA00967734 /* SignUpCompleteView.swift */; };
		0491576A2C884C4F009B99E4 /* CoinView.swift in Sources */ = {isa = PBXBuildFile; fileRef = 049157692C884C4F009B99E4 /* CoinView.swift */; };
		0491576C2C888875009B99E4 /* UpbitAPI.swift in Sources */ = {isa = PBXBuildFile; fileRef = 0491576B2C888875009B99E4 /* UpbitAPI.swift */; };
		049157702C88956A009B99E4 /* NavigationLazyView.swift in Sources */ = {isa = PBXBuildFile; fileRef = 0491576F2C88956A009B99E4 /* NavigationLazyView.swift */; };
		04D930052C8755A60094F78F /* MyMoneySearchView.swift in Sources */ = {isa = PBXBuildFile; fileRef = 04D930042C8755A60094F78F /* MyMoneySearchView.swift */; };
		04D930072C8756D70094F78F /* Money.swift in Sources */ = {isa = PBXBuildFile; fileRef = 04D930062C8756D70094F78F /* Money.swift */; };
		04D9300A2C875C1B0094F78F /* Banner.swift in Sources */ = {isa = PBXBuildFile; fileRef = 04D930092C875C1B0094F78F /* Banner.swift */; };
/* End PBXBuildFile section */

/* Begin PBXFileReference section */
		044C80072C85851100967734 /* PracticeSwiftUI.app */ = {isa = PBXFileReference; explicitFileType = wrapper.application; includeInIndex = 0; path = PracticeSwiftUI.app; sourceTree = BUILT_PRODUCTS_DIR; };
		044C800A2C85851100967734 /* PracticeSwiftUIApp.swift */ = {isa = PBXFileReference; lastKnownFileType = sourcecode.swift; path = PracticeSwiftUIApp.swift; sourceTree = "<group>"; };
		044C800C2C85851100967734 /* ContentView.swift */ = {isa = PBXFileReference; lastKnownFileType = sourcecode.swift; path = ContentView.swift; sourceTree = "<group>"; };
		044C800E2C85851300967734 /* Assets.xcassets */ = {isa = PBXFileReference; lastKnownFileType = folder.assetcatalog; path = Assets.xcassets; sourceTree = "<group>"; };
		044C80112C85851300967734 /* Preview Assets.xcassets */ = {isa = PBXFileReference; lastKnownFileType = folder.assetcatalog; path = "Preview Assets.xcassets"; sourceTree = "<group>"; };
		044C801A2C85891800967734 /* CustomButtonModifier.swift */ = {isa = PBXFileReference; lastKnownFileType = sourcecode.swift; path = CustomButtonModifier.swift; sourceTree = "<group>"; };
		044C801C2C858BCA00967734 /* SetProfileView.swift */ = {isa = PBXFileReference; lastKnownFileType = sourcecode.swift; path = SetProfileView.swift; sourceTree = "<group>"; };
		044C80202C858FE600967734 /* CircleButtonModifier.swift */ = {isa = PBXFileReference; lastKnownFileType = sourcecode.swift; path = CircleButtonModifier.swift; sourceTree = "<group>"; };
		044C80222C8593E400967734 /* PointButtonWrapper.swift */ = {isa = PBXFileReference; lastKnownFileType = sourcecode.swift; path = PointButtonWrapper.swift; sourceTree = "<group>"; };
		044C80242C8595AA00967734 /* SignUpCompleteView.swift */ = {isa = PBXFileReference; lastKnownFileType = sourcecode.swift; path = SignUpCompleteView.swift; sourceTree = "<group>"; };
		049157692C884C4F009B99E4 /* CoinView.swift */ = {isa = PBXFileReference; lastKnownFileType = sourcecode.swift; path = CoinView.swift; sourceTree = "<group>"; };
		0491576B2C888875009B99E4 /* UpbitAPI.swift */ = {isa = PBXFileReference; lastKnownFileType = sourcecode.swift; path = UpbitAPI.swift; sourceTree = "<group>"; };
		0491576F2C88956A009B99E4 /* NavigationLazyView.swift */ = {isa = PBXFileReference; lastKnownFileType = sourcecode.swift; path = NavigationLazyView.swift; sourceTree = "<group>"; };
		04D930042C8755A60094F78F /* MyMoneySearchView.swift */ = {isa = PBXFileReference; lastKnownFileType = sourcecode.swift; path = MyMoneySearchView.swift; sourceTree = "<group>"; };
		04D930062C8756D70094F78F /* Money.swift */ = {isa = PBXFileReference; lastKnownFileType = sourcecode.swift; path = Money.swift; sourceTree = "<group>"; };
		04D930092C875C1B0094F78F /* Banner.swift */ = {isa = PBXFileReference; lastKnownFileType = sourcecode.swift; path = Banner.swift; sourceTree = "<group>"; };
/* End PBXFileReference section */

/* Begin PBXFrameworksBuildPhase section */
		044C80042C85851100967734 /* Frameworks */ = {
			isa = PBXFrameworksBuildPhase;
			buildActionMask = 2147483647;
			files = (
			);
			runOnlyForDeploymentPostprocessing = 0;
		};
/* End PBXFrameworksBuildPhase section */

/* Begin PBXGroup section */
		044C7FFE2C85851100967734 = {
			isa = PBXGroup;
			children = (
				044C80092C85851100967734 /* PracticeSwiftUI */,
				044C80082C85851100967734 /* Products */,
			);
			sourceTree = "<group>";
		};
		044C80082C85851100967734 /* Products */ = {
			isa = PBXGroup;
			children = (
				044C80072C85851100967734 /* PracticeSwiftUI.app */,
			);
			name = Products;
			sourceTree = "<group>";
		};
		044C80092C85851100967734 /* PracticeSwiftUI */ = {
			isa = PBXGroup;
			children = (
				044C800A2C85851100967734 /* PracticeSwiftUIApp.swift */,
				0491576B2C888875009B99E4 /* UpbitAPI.swift */,
				04D930082C875C110094F78F /* Model */,
				044C801F2C858C7700967734 /* View */,
				044C801E2C858C6900967734 /* Modifier */,
				044C800E2C85851300967734 /* Assets.xcassets */,
				044C80102C85851300967734 /* Preview Content */,
			);
			path = PracticeSwiftUI;
			sourceTree = "<group>";
		};
		044C80102C85851300967734 /* Preview Content */ = {
			isa = PBXGroup;
			children = (
				044C80112C85851300967734 /* Preview Assets.xcassets */,
			);
			path = "Preview Content";
			sourceTree = "<group>";
		};
		044C801E2C858C6900967734 /* Modifier */ = {
			isa = PBXGroup;
			children = (
				044C801A2C85891800967734 /* CustomButtonModifier.swift */,
				044C80222C8593E400967734 /* PointButtonWrapper.swift */,
				044C80202C858FE600967734 /* CircleButtonModifier.swift */,
			);
			path = Modifier;
			sourceTree = "<group>";
		};
		044C801F2C858C7700967734 /* View */ = {
			isa = PBXGroup;
			children = (
				044C800C2C85851100967734 /* ContentView.swift */,
				044C801C2C858BCA00967734 /* SetProfileView.swift */,
				044C80242C8595AA00967734 /* SignUpCompleteView.swift */,
				04D930042C8755A60094F78F /* MyMoneySearchView.swift */,
				049157692C884C4F009B99E4 /* CoinView.swift */,
				0491576F2C88956A009B99E4 /* NavigationLazyView.swift */,
			);
			path = View;
			sourceTree = "<group>";
		};
		04D930082C875C110094F78F /* Model */ = {
			isa = PBXGroup;
			children = (
				04D930062C8756D70094F78F /* Money.swift */,
				04D930092C875C1B0094F78F /* Banner.swift */,
			);
			path = Model;
			sourceTree = "<group>";
		};
/* End PBXGroup section */

/* Begin PBXNativeTarget section */
		044C80062C85851100967734 /* PracticeSwiftUI */ = {
			isa = PBXNativeTarget;
			buildConfigurationList = 044C80152C85851300967734 /* Build configuration list for PBXNativeTarget "PracticeSwiftUI" */;
			buildPhases = (
				044C80032C85851100967734 /* Sources */,
				044C80042C85851100967734 /* Frameworks */,
				044C80052C85851100967734 /* Resources */,
			);
			buildRules = (
			);
			dependencies = (
			);
			name = PracticeSwiftUI;
			productName = PracticeSwiftUI;
			productReference = 044C80072C85851100967734 /* PracticeSwiftUI.app */;
			productType = "com.apple.product-type.application";
		};
/* End PBXNativeTarget section */

/* Begin PBXProject section */
		044C7FFF2C85851100967734 /* Project object */ = {
			isa = PBXProject;
			attributes = {
				BuildIndependentTargetsInParallel = 1;
				LastSwiftUpdateCheck = 1540;
				LastUpgradeCheck = 1540;
				TargetAttributes = {
					044C80062C85851100967734 = {
						CreatedOnToolsVersion = 15.4;
					};
				};
			};
			buildConfigurationList = 044C80022C85851100967734 /* Build configuration list for PBXProject "PracticeSwiftUI" */;
			compatibilityVersion = "Xcode 14.0";
			developmentRegion = en;
			hasScannedForEncodings = 0;
			knownRegions = (
				en,
				Base,
			);
			mainGroup = 044C7FFE2C85851100967734;
			productRefGroup = 044C80082C85851100967734 /* Products */;
			projectDirPath = "";
			projectRoot = "";
			targets = (
				044C80062C85851100967734 /* PracticeSwiftUI */,
			);
		};
/* End PBXProject section */

/* Begin PBXResourcesBuildPhase section */
		044C80052C85851100967734 /* Resources */ = {
			isa = PBXResourcesBuildPhase;
			buildActionMask = 2147483647;
			files = (
				044C80122C85851300967734 /* Preview Assets.xcassets in Resources */,
				044C800F2C85851300967734 /* Assets.xcassets in Resources */,
			);
			runOnlyForDeploymentPostprocessing = 0;
		};
/* End PBXResourcesBuildPhase section */

/* Begin PBXSourcesBuildPhase section */
		044C80032C85851100967734 /* Sources */ = {
			isa = PBXSourcesBuildPhase;
			buildActionMask = 2147483647;
			files = (
				0491576A2C884C4F009B99E4 /* CoinView.swift in Sources */,
				044C800D2C85851100967734 /* ContentView.swift in Sources */,
				04D930052C8755A60094F78F /* MyMoneySearchView.swift in Sources */,
				049157702C88956A009B99E4 /* NavigationLazyView.swift in Sources */,
				044C800B2C85851100967734 /* PracticeSwiftUIApp.swift in Sources */,
				04D930072C8756D70094F78F /* Money.swift in Sources */,
				044C80232C8593E400967734 /* PointButtonWrapper.swift in Sources */,
				044C801B2C85891800967734 /* CustomButtonModifier.swift in Sources */,
				0491576C2C888875009B99E4 /* UpbitAPI.swift in Sources */,
				044C801D2C858BCA00967734 /* SetProfileView.swift in Sources */,
				04D9300A2C875C1B0094F78F /* Banner.swift in Sources */,
				044C80252C8595AA00967734 /* SignUpCompleteView.swift in Sources */,
				044C80212C858FE600967734 /* CircleButtonModifier.swift in Sources */,
			);
			runOnlyForDeploymentPostprocessing = 0;
		};
/* End PBXSourcesBuildPhase section */

/* Begin XCBuildConfiguration section */
		044C80132C85851300967734 /* Debug */ = {
			isa = XCBuildConfiguration;
			buildSettings = {
				ALWAYS_SEARCH_USER_PATHS = NO;
				ASSETCATALOG_COMPILER_GENERATE_SWIFT_ASSET_SYMBOL_EXTENSIONS = YES;
				CLANG_ANALYZER_NONNULL = YES;
				CLANG_ANALYZER_NUMBER_OBJECT_CONVERSION = YES_AGGRESSIVE;
				CLANG_CXX_LANGUAGE_STANDARD = "gnu++20";
				CLANG_ENABLE_MODULES = YES;
				CLANG_ENABLE_OBJC_ARC = YES;
				CLANG_ENABLE_OBJC_WEAK = YES;
				CLANG_WARN_BLOCK_CAPTURE_AUTORELEASING = YES;
				CLANG_WARN_BOOL_CONVERSION = YES;
				CLANG_WARN_COMMA = YES;
				CLANG_WARN_CONSTANT_CONVERSION = YES;
				CLANG_WARN_DEPRECATED_OBJC_IMPLEMENTATIONS = YES;
				CLANG_WARN_DIRECT_OBJC_ISA_USAGE = YES_ERROR;
				CLANG_WARN_DOCUMENTATION_COMMENTS = YES;
				CLANG_WARN_EMPTY_BODY = YES;
				CLANG_WARN_ENUM_CONVERSION = YES;
				CLANG_WARN_INFINITE_RECURSION = YES;
				CLANG_WARN_INT_CONVERSION = YES;
				CLANG_WARN_NON_LITERAL_NULL_CONVERSION = YES;
				CLANG_WARN_OBJC_IMPLICIT_RETAIN_SELF = YES;
				CLANG_WARN_OBJC_LITERAL_CONVERSION = YES;
				CLANG_WARN_OBJC_ROOT_CLASS = YES_ERROR;
				CLANG_WARN_QUOTED_INCLUDE_IN_FRAMEWORK_HEADER = YES;
				CLANG_WARN_RANGE_LOOP_ANALYSIS = YES;
				CLANG_WARN_STRICT_PROTOTYPES = YES;
				CLANG_WARN_SUSPICIOUS_MOVE = YES;
				CLANG_WARN_UNGUARDED_AVAILABILITY = YES_AGGRESSIVE;
				CLANG_WARN_UNREACHABLE_CODE = YES;
				CLANG_WARN__DUPLICATE_METHOD_MATCH = YES;
				COPY_PHASE_STRIP = NO;
				DEBUG_INFORMATION_FORMAT = dwarf;
				ENABLE_STRICT_OBJC_MSGSEND = YES;
				ENABLE_TESTABILITY = YES;
				ENABLE_USER_SCRIPT_SANDBOXING = YES;
				GCC_C_LANGUAGE_STANDARD = gnu17;
				GCC_DYNAMIC_NO_PIC = NO;
				GCC_NO_COMMON_BLOCKS = YES;
				GCC_OPTIMIZATION_LEVEL = 0;
				GCC_PREPROCESSOR_DEFINITIONS = (
					"DEBUG=1",
					"$(inherited)",
				);
				GCC_WARN_64_TO_32_BIT_CONVERSION = YES;
				GCC_WARN_ABOUT_RETURN_TYPE = YES_ERROR;
				GCC_WARN_UNDECLARED_SELECTOR = YES;
				GCC_WARN_UNINITIALIZED_AUTOS = YES_AGGRESSIVE;
				GCC_WARN_UNUSED_FUNCTION = YES;
				GCC_WARN_UNUSED_VARIABLE = YES;
				IPHONEOS_DEPLOYMENT_TARGET = 17.5;
				LOCALIZATION_PREFERS_STRING_CATALOGS = YES;
				MTL_ENABLE_DEBUG_INFO = INCLUDE_SOURCE;
				MTL_FAST_MATH = YES;
				ONLY_ACTIVE_ARCH = YES;
				SDKROOT = iphoneos;
				SWIFT_ACTIVE_COMPILATION_CONDITIONS = "DEBUG $(inherited)";
				SWIFT_OPTIMIZATION_LEVEL = "-Onone";
			};
			name = Debug;
		};
		044C80142C85851300967734 /* Release */ = {
			isa = XCBuildConfiguration;
			buildSettings = {
				ALWAYS_SEARCH_USER_PATHS = NO;
				ASSETCATALOG_COMPILER_GENERATE_SWIFT_ASSET_SYMBOL_EXTENSIONS = YES;
				CLANG_ANALYZER_NONNULL = YES;
				CLANG_ANALYZER_NUMBER_OBJECT_CONVERSION = YES_AGGRESSIVE;
				CLANG_CXX_LANGUAGE_STANDARD = "gnu++20";
				CLANG_ENABLE_MODULES = YES;
				CLANG_ENABLE_OBJC_ARC = YES;
				CLANG_ENABLE_OBJC_WEAK = YES;
				CLANG_WARN_BLOCK_CAPTURE_AUTORELEASING = YES;
				CLANG_WARN_BOOL_CONVERSION = YES;
				CLANG_WARN_COMMA = YES;
				CLANG_WARN_CONSTANT_CONVERSION = YES;
				CLANG_WARN_DEPRECATED_OBJC_IMPLEMENTATIONS = YES;
				CLANG_WARN_DIRECT_OBJC_ISA_USAGE = YES_ERROR;
				CLANG_WARN_DOCUMENTATION_COMMENTS = YES;
				CLANG_WARN_EMPTY_BODY = YES;
				CLANG_WARN_ENUM_CONVERSION = YES;
				CLANG_WARN_INFINITE_RECURSION = YES;
				CLANG_WARN_INT_CONVERSION = YES;
				CLANG_WARN_NON_LITERAL_NULL_CONVERSION = YES;
				CLANG_WARN_OBJC_IMPLICIT_RETAIN_SELF = YES;
				CLANG_WARN_OBJC_LITERAL_CONVERSION = YES;
				CLANG_WARN_OBJC_ROOT_CLASS = YES_ERROR;
				CLANG_WARN_QUOTED_INCLUDE_IN_FRAMEWORK_HEADER = YES;
				CLANG_WARN_RANGE_LOOP_ANALYSIS = YES;
				CLANG_WARN_STRICT_PROTOTYPES = YES;
				CLANG_WARN_SUSPICIOUS_MOVE = YES;
				CLANG_WARN_UNGUARDED_AVAILABILITY = YES_AGGRESSIVE;
				CLANG_WARN_UNREACHABLE_CODE = YES;
				CLANG_WARN__DUPLICATE_METHOD_MATCH = YES;
				COPY_PHASE_STRIP = NO;
				DEBUG_INFORMATION_FORMAT = "dwarf-with-dsym";
				ENABLE_NS_ASSERTIONS = NO;
				ENABLE_STRICT_OBJC_MSGSEND = YES;
				ENABLE_USER_SCRIPT_SANDBOXING = YES;
				GCC_C_LANGUAGE_STANDARD = gnu17;
				GCC_NO_COMMON_BLOCKS = YES;
				GCC_WARN_64_TO_32_BIT_CONVERSION = YES;
				GCC_WARN_ABOUT_RETURN_TYPE = YES_ERROR;
				GCC_WARN_UNDECLARED_SELECTOR = YES;
				GCC_WARN_UNINITIALIZED_AUTOS = YES_AGGRESSIVE;
				GCC_WARN_UNUSED_FUNCTION = YES;
				GCC_WARN_UNUSED_VARIABLE = YES;
				IPHONEOS_DEPLOYMENT_TARGET = 17.5;
				LOCALIZATION_PREFERS_STRING_CATALOGS = YES;
				MTL_ENABLE_DEBUG_INFO = NO;
				MTL_FAST_MATH = YES;
				SDKROOT = iphoneos;
				SWIFT_COMPILATION_MODE = wholemodule;
				VALIDATE_PRODUCT = YES;
			};
			name = Release;
		};
		044C80162C85851300967734 /* Debug */ = {
			isa = XCBuildConfiguration;
			buildSettings = {
				ASSETCATALOG_COMPILER_APPICON_NAME = AppIcon;
				ASSETCATALOG_COMPILER_GLOBAL_ACCENT_COLOR_NAME = AccentColor;
				CODE_SIGN_STYLE = Automatic;
				CURRENT_PROJECT_VERSION = 1;
				DEVELOPMENT_ASSET_PATHS = "\"PracticeSwiftUI/Preview Content\"";
				ENABLE_PREVIEWS = YES;
				GENERATE_INFOPLIST_FILE = YES;
				INFOPLIST_KEY_UIApplicationSceneManifest_Generation = YES;
				INFOPLIST_KEY_UIApplicationSupportsIndirectInputEvents = YES;
				INFOPLIST_KEY_UILaunchScreen_Generation = YES;
				INFOPLIST_KEY_UISupportedInterfaceOrientations_iPad = "UIInterfaceOrientationPortrait UIInterfaceOrientationPortraitUpsideDown UIInterfaceOrientationLandscapeLeft UIInterfaceOrientationLandscapeRight";
				INFOPLIST_KEY_UISupportedInterfaceOrientations_iPhone = "UIInterfaceOrientationPortrait UIInterfaceOrientationLandscapeLeft UIInterfaceOrientationLandscapeRight";
				LD_RUNPATH_SEARCH_PATHS = (
					"$(inherited)",
					"@executable_path/Frameworks",
				);
				MARKETING_VERSION = 1.0;
				PRODUCT_BUNDLE_IDENTIFIER = com.harvey.PracticeSwiftUI;
				PRODUCT_NAME = "$(TARGET_NAME)";
				SWIFT_EMIT_LOC_STRINGS = YES;
				SWIFT_VERSION = 5.0;
				TARGETED_DEVICE_FAMILY = "1,2";
			};
			name = Debug;
		};
		044C80172C85851300967734 /* Release */ = {
			isa = XCBuildConfiguration;
			buildSettings = {
				ASSETCATALOG_COMPILER_APPICON_NAME = AppIcon;
				ASSETCATALOG_COMPILER_GLOBAL_ACCENT_COLOR_NAME = AccentColor;
				CODE_SIGN_STYLE = Automatic;
				CURRENT_PROJECT_VERSION = 1;
				DEVELOPMENT_ASSET_PATHS = "\"PracticeSwiftUI/Preview Content\"";
				ENABLE_PREVIEWS = YES;
				GENERATE_INFOPLIST_FILE = YES;
				INFOPLIST_KEY_UIApplicationSceneManifest_Generation = YES;
				INFOPLIST_KEY_UIApplicationSupportsIndirectInputEvents = YES;
				INFOPLIST_KEY_UILaunchScreen_Generation = YES;
				INFOPLIST_KEY_UISupportedInterfaceOrientations_iPad = "UIInterfaceOrientationPortrait UIInterfaceOrientationPortraitUpsideDown UIInterfaceOrientationLandscapeLeft UIInterfaceOrientationLandscapeRight";
				INFOPLIST_KEY_UISupportedInterfaceOrientations_iPhone = "UIInterfaceOrientationPortrait UIInterfaceOrientationLandscapeLeft UIInterfaceOrientationLandscapeRight";
				LD_RUNPATH_SEARCH_PATHS = (
					"$(inherited)",
					"@executable_path/Frameworks",
				);
				MARKETING_VERSION = 1.0;
				PRODUCT_BUNDLE_IDENTIFIER = com.harvey.PracticeSwiftUI;
				PRODUCT_NAME = "$(TARGET_NAME)";
				SWIFT_EMIT_LOC_STRINGS = YES;
				SWIFT_VERSION = 5.0;
				TARGETED_DEVICE_FAMILY = "1,2";
			};
			name = Release;
		};
/* End XCBuildConfiguration section */

/* Begin XCConfigurationList section */
		044C80022C85851100967734 /* Build configuration list for PBXProject "PracticeSwiftUI" */ = {
			isa = XCConfigurationList;
			buildConfigurations = (
				044C80132C85851300967734 /* Debug */,
				044C80142C85851300967734 /* Release */,
			);
			defaultConfigurationIsVisible = 0;
			defaultConfigurationName = Release;
		};
		044C80152C85851300967734 /* Build configuration list for PBXNativeTarget "PracticeSwiftUI" */ = {
			isa = XCConfigurationList;
			buildConfigurations = (
				044C80162C85851300967734 /* Debug */,
				044C80172C85851300967734 /* Release */,
			);
			defaultConfigurationIsVisible = 0;
			defaultConfigurationName = Release;
		};
/* End XCConfigurationList section */
	};
	rootObject = 044C7FFF2C85851100967734 /* Project object */;
}
